
Microsoft Visual Studio Solution File, Format Version 12.00
# Visual Studio Version 17
VisualStudioVersion = 17.2.32630.192
MinimumVisualStudioVersion = 10.0.40219.1
Project("{FAE04EC0-301F-11D3-BF4B-00C04F79EFBC}") = "tx-aspnet-mvc_framework-mailmerge", "tx-aspnet-mvc_framework-mailmerge.csproj", "{C241B761-039F-4B2D-9BAC-6F417F86DDC7}"
EndProject
Global
	GlobalSection(SolutionConfigurationPlatforms) = preSolution
		Debug|Any CPU = Debug|Any CPU
		Release|Any CPU = Release|Any CPU
	EndGlobalSection
	GlobalSection(ProjectConfigurationPlatforms) = postSolution
		{C241B761-039F-4B2D-9BAC-6F417F86DDC7}.Debug|Any CPU.ActiveCfg = Debug|Any CPU
		{C241B761-039F-4B2D-9BAC-6F417F86DDC7}.Debug|Any CPU.Build.0 = Debug|Any CPU
		{C241B761-039F-4B2D-9BAC-6F417F86DDC7}.Release|Any CPU.ActiveCfg = Release|Any CPU
		{C241B761-039F-4B2D-9BAC-6F417F86DDC7}.Release|Any CPU.Build.0 = Release|Any CPU
	EndGlobalSection
	GlobalSection(SolutionProperties) = preSolution
		HideSolutionNode = FALSE
	EndGlobalSection
	GlobalSection(ExtensibilityGlobals) = postSolution
		SolutionGuid = {7E0B1A55-CF18-4B8D-AEA0-D3F8210A5C17}
	EndGlobalSection
EndGlobal
